
Microsoft Visual Studio Solution File, Format Version 12.00
# Visual Studio Version 17
VisualStudioVersion = 17.13.35605.110
MinimumVisualStudioVersion = 10.0.40219.1
Project("{FAE04EC0-301F-11D3-BF4B-00C04F79EFBC}") = "ClientManager", "ClientManager\ClientManager.csproj", "{F942F6E1-FCA9-4B67-8280-40DF9CA4CECF}"
EndProject
Project("{FAE04EC0-301F-11D3-BF4B-00C04F79EFBC}") = "TestsForClientManager", "TestsForClientManager\TestsForClientManager.csproj", "{C773AE0B-42DD-4E81-80FC-168F78DFBC6C}"
EndProject
Global
	GlobalSection(SolutionConfigurationPlatforms) = preSolution
		Debug|Any CPU = Debug|Any CPU
		Release|Any CPU = Release|Any CPU
	EndGlobalSection
	GlobalSection(ProjectConfigurationPlatforms) = postSolution
		{F942F6E1-FCA9-4B67-8280-40DF9CA4CECF}.Debug|Any CPU.ActiveCfg = Debug|Any CPU
		{F942F6E1-FCA9-4B67-8280-40DF9CA4CECF}.Debug|Any CPU.Build.0 = Debug|Any CPU
		{F942F6E1-FCA9-4B67-8280-40DF9CA4CECF}.Release|Any CPU.ActiveCfg = Release|Any CPU
		{F942F6E1-FCA9-4B67-8280-40DF9CA4CECF}.Release|Any CPU.Build.0 = Release|Any CPU
		{C773AE0B-42DD-4E81-80FC-168F78DFBC6C}.Debug|Any CPU.ActiveCfg = Debug|Any CPU
		{C773AE0B-42DD-4E81-80FC-168F78DFBC6C}.Debug|Any CPU.Build.0 = Debug|Any CPU
		{C773AE0B-42DD-4E81-80FC-168F78DFBC6C}.Release|Any CPU.ActiveCfg = Release|Any CPU
		{C773AE0B-42DD-4E81-80FC-168F78DFBC6C}.Release|Any CPU.Build.0 = Release|Any CPU
	EndGlobalSection
	GlobalSection(SolutionProperties) = preSolution
		HideSolutionNode = FALSE
	EndGlobalSection
	GlobalSection(ExtensibilityGlobals) = postSolution
		SolutionGuid = {C90462CE-272C-466D-82F5-255A5AB2DD2A}
	EndGlobalSection
EndGlobal
